
Microsoft Visual Studio Solution File, Format Version 12.00
# Visual Studio Version 17
VisualStudioVersion = 17.14.36717.8
MinimumVisualStudioVersion = 10.0.40219.1
Project("{FAE04EC0-301F-11D3-BF4B-00C04F79EFBC}") = "1.1 Interaction", "Interaction\1.1 Interaction.csproj", "{892255C4-3362-4FA3-AABC-C42C92FA5A68}"
EndProject
Project("{FAE04EC0-301F-11D3-BF4B-00C04F79EFBC}") = "1.2 PasswdTextBox", "PasswdTextBox\1.2 PasswdTextBox.csproj", "{E4C95164-9FC2-4CB8-A0BB-D7DE678E8D62}"
EndProject
Project("{FAE04EC0-301F-11D3-BF4B-00C04F79EFBC}") = "1.3 Bartender", "1.2 CheckBoxar och radioknappar\1.3 Bartender.csproj", "{B9C377DD-AFB0-4ACB-8F68-514E636EB97F}"
EndProject
Project("{FAE04EC0-301F-11D3-BF4B-00C04F79EFBC}") = "1.1 - Pizza order", "1.1 - Pizza order\1.1 - Pizza order.csproj", "{B17E8D5C-5067-4492-B39E-DC8E1DCFC01D}"
EndProject
Project("{FAE04EC0-301F-11D3-BF4B-00C04F79EFBC}") = "Övning 1.2 - ArgumentOutOfRange", "Övning 1.2 - ArgumentOutOfRange\Övning 1.2 - ArgumentOutOfRange.csproj", "{CE7DF85B-26C9-4622-B789-C63A23873DC9}"
EndProject
Project("{FAE04EC0-301F-11D3-BF4B-00C04F79EFBC}") = "1.11 - Web browser", "1.11 - Web browser\1.11 - Web browser.csproj", "{22B451E7-3759-4245-8682-124E1024DE5A}"
EndProject
Project("{FAE04EC0-301F-11D3-BF4B-00C04F79EFBC}") = "1.12 - DevBrowser", "1,12 - En mer utvecklad webbläsare\1.12 - DevBrowser.csproj", "{2938F87E-69F6-436B-99F1-E0A3F17A2446}"
EndProject
Project("{FAE04EC0-301F-11D3-BF4B-00C04F79EFBC}") = "1.13 - Menus", "1.13 - Menus\1.13 - Menus.csproj", "{07CCF52B-FD46-4833-A8B0-277D86A7D0C7}"
EndProject
Global
	GlobalSection(SolutionConfigurationPlatforms) = preSolution
		Debug|Any CPU = Debug|Any CPU
		Release|Any CPU = Release|Any CPU
	EndGlobalSection
	GlobalSection(ProjectConfigurationPlatforms) = postSolution
		{892255C4-3362-4FA3-AABC-C42C92FA5A68}.Debug|Any CPU.ActiveCfg = Debug|Any CPU
		{892255C4-3362-4FA3-AABC-C42C92FA5A68}.Debug|Any CPU.Build.0 = Debug|Any CPU
		{892255C4-3362-4FA3-AABC-C42C92FA5A68}.Release|Any CPU.ActiveCfg = Release|Any CPU
		{892255C4-3362-4FA3-AABC-C42C92FA5A68}.Release|Any CPU.Build.0 = Release|Any CPU
		{E4C95164-9FC2-4CB8-A0BB-D7DE678E8D62}.Debug|Any CPU.ActiveCfg = Debug|Any CPU
		{E4C95164-9FC2-4CB8-A0BB-D7DE678E8D62}.Debug|Any CPU.Build.0 = Debug|Any CPU
		{E4C95164-9FC2-4CB8-A0BB-D7DE678E8D62}.Release|Any CPU.ActiveCfg = Release|Any CPU
		{E4C95164-9FC2-4CB8-A0BB-D7DE678E8D62}.Release|Any CPU.Build.0 = Release|Any CPU
		{B9C377DD-AFB0-4ACB-8F68-514E636EB97F}.Debug|Any CPU.ActiveCfg = Debug|Any CPU
		{B9C377DD-AFB0-4ACB-8F68-514E636EB97F}.Debug|Any CPU.Build.0 = Debug|Any CPU
		{B9C377DD-AFB0-4ACB-8F68-514E636EB97F}.Release|Any CPU.ActiveCfg = Release|Any CPU
		{B9C377DD-AFB0-4ACB-8F68-514E636EB97F}.Release|Any CPU.Build.0 = Release|Any CPU
		{B17E8D5C-5067-4492-B39E-DC8E1DCFC01D}.Debug|Any CPU.ActiveCfg = Debug|Any CPU
		{B17E8D5C-5067-4492-B39E-DC8E1DCFC01D}.Debug|Any CPU.Build.0 = Debug|Any CPU
		{B17E8D5C-5067-4492-B39E-DC8E1DCFC01D}.Release|Any CPU.ActiveCfg = Release|Any CPU
		{B17E8D5C-5067-4492-B39E-DC8E1DCFC01D}.Release|Any CPU.Build.0 = Release|Any CPU
		{CE7DF85B-26C9-4622-B789-C63A23873DC9}.Debug|Any CPU.ActiveCfg = Debug|Any CPU
		{CE7DF85B-26C9-4622-B789-C63A23873DC9}.Debug|Any CPU.Build.0 = Debug|Any CPU
		{CE7DF85B-26C9-4622-B789-C63A23873DC9}.Release|Any CPU.ActiveCfg = Release|Any CPU
		{CE7DF85B-26C9-4622-B789-C63A23873DC9}.Release|Any CPU.Build.0 = Release|Any CPU
		{22B451E7-3759-4245-8682-124E1024DE5A}.Debug|Any CPU.ActiveCfg = Debug|Any CPU
		{22B451E7-3759-4245-8682-124E1024DE5A}.Debug|Any CPU.Build.0 = Debug|Any CPU
		{22B451E7-3759-4245-8682-124E1024DE5A}.Release|Any CPU.ActiveCfg = Release|Any CPU
		{22B451E7-3759-4245-8682-124E1024DE5A}.Release|Any CPU.Build.0 = Release|Any CPU
		{2938F87E-69F6-436B-99F1-E0A3F17A2446}.Debug|Any CPU.ActiveCfg = Debug|Any CPU
		{2938F87E-69F6-436B-99F1-E0A3F17A2446}.Debug|Any CPU.Build.0 = Debug|Any CPU
		{2938F87E-69F6-436B-99F1-E0A3F17A2446}.Release|Any CPU.ActiveCfg = Release|Any CPU
		{2938F87E-69F6-436B-99F1-E0A3F17A2446}.Release|Any CPU.Build.0 = Release|Any CPU
		{07CCF52B-FD46-4833-A8B0-277D86A7D0C7}.Debug|Any CPU.ActiveCfg = Debug|Any CPU
		{07CCF52B-FD46-4833-A8B0-277D86A7D0C7}.Debug|Any CPU.Build.0 = Debug|Any CPU
		{07CCF52B-FD46-4833-A8B0-277D86A7D0C7}.Release|Any CPU.ActiveCfg = Release|Any CPU
		{07CCF52B-FD46-4833-A8B0-277D86A7D0C7}.Release|Any CPU.Build.0 = Release|Any CPU
	EndGlobalSection
	GlobalSection(SolutionProperties) = preSolution
		HideSolutionNode = FALSE
	EndGlobalSection
	GlobalSection(ExtensibilityGlobals) = postSolution
		SolutionGuid = {A7853039-8DC6-41D3-8914-B494744E8B4A}
	EndGlobalSection
EndGlobal
