
Microsoft Visual Studio Solution File, Format Version 12.00
# Visual Studio Version 17
VisualStudioVersion = 17.14.36717.8
MinimumVisualStudioVersion = 10.0.40219.1
Project("{FAE04EC0-301F-11D3-BF4B-00C04F79EFBC}") = "1.1 Interaction", "Interaction\1.1 Interaction.csproj", "{892255C4-3362-4FA3-AABC-C42C92FA5A68}"
EndProject
Project("{FAE04EC0-301F-11D3-BF4B-00C04F79EFBC}") = "1.2 PasswdTextBox", "PasswdTextBox\1.2 PasswdTextBox.csproj", "{E4C95164-9FC2-4CB8-A0BB-D7DE678E8D62}"
EndProject
Project("{FAE04EC0-301F-11D3-BF4B-00C04F79EFBC}") = "1.3 Bartender", "1.2 CheckBoxar och radioknappar\1.3 Bartender.csproj", "{B9C377DD-AFB0-4ACB-8F68-514E636EB97F}"
EndProject
Project("{FAE04EC0-301F-11D3-BF4B-00C04F79EFBC}") = "1.1 - Pizza order", "1.1 - Pizza order\1.1 - Pizza order.csproj", "{B17E8D5C-5067-4492-B39E-DC8E1DCFC01D}"
EndProject
Project("{FAE04EC0-301F-11D3-BF4B-00C04F79EFBC}") = "Övning 1.2 - ArgumentOutOfRange", "Övning 1.2 - ArgumentOutOfRange\Övning 1.2 - ArgumentOutOfRange.csproj", "{CE7DF85B-26C9-4622-B789-C63A23873DC9}"
EndProject
Project("{FAE04EC0-301F-11D3-BF4B-00C04F79EFBC}") = "1.11 - Web browser", "1.11 - Web browser\1.11 - Web browser.csproj", "{22B451E7-3759-4245-8682-124E1024DE5A}"
EndProject
Project("{FAE04EC0-301F-11D3-BF4B-00C04F79EFBC}") = "1.12 - DevBrowser", "1,12 - En mer utvecklad webbläsare\1.12 - DevBrowser.csproj", "{2938F87E-69F6-436B-99F1-E0A3F17A2446}"
EndProject
Project("{FAE04EC0-301F-11D3-BF4B-00C04F79EFBC}") = "1.13 - Menus", "1.13 - Menus\1.13 - Menus.csproj", "{07CCF52B-FD46-4833-A8B0-277D86A7D0C7}"
EndProject
Project("{FAE04EC0-301F-11D3-BF4B-00C04F79EFBC}") = "1 CarBooking", "CarBooking\1 CarBooking.csproj", "{8E14FB57-9908-48D2-B548-C7E973857AA9}"
EndProject
Project("{FAE04EC0-301F-11D3-BF4B-00C04F79EFBC}") = "2 Memory", "Memory\2 Memory.csproj", "{168568F9-BDC1-4049-A5A5-79FC77A03E9E}"
EndProject
Project("{FAE04EC0-301F-11D3-BF4B-00C04F79EFBC}") = "2 LinkedList", "LinkedList\2 LinkedList.csproj", "{07A0A1D7-28A7-4058-9F4B-F20D0CAAD57D}"
EndProject
Project("{FAE04EC0-301F-11D3-BF4B-00C04F79EFBC}") = "2 Pacman 3", "Pacman 3\2 Pacman 3.csproj", "{498D1B48-8AC6-48BA-7454-20444A1FBD88}"
EndProject
Project("{FAE04EC0-301F-11D3-BF4B-00C04F79EFBC}") = "2 School_register_2", "School_register_2\2 School_register_2.csproj", "{DF34050C-F5A9-4036-A1DD-6025BA537644}"
EndProject
Project("{FAE04EC0-301F-11D3-BF4B-00C04F79EFBC}") = "2 Circle Cylinder", "2 Circle\2 Circle Cylinder.csproj", "{F957E7BE-9A7C-4700-947B-99009AF5483C}"
EndProject
Project("{FAE04EC0-301F-11D3-BF4B-00C04F79EFBC}") = "2 Pacman 3 Arv", "Pacman 3 Arv\2 Pacman 3 Arv.csproj", "{685BBCF7-39C3-8D24-F729-73605D73C962}"
EndProject
Project("{FAE04EC0-301F-11D3-BF4B-00C04F79EFBC}") = "MasterMind", "Mastermind\MasterMind.csproj", "{6BC05D22-5178-48C7-94CF-615077B51E26}"
EndProject
Project("{FAE04EC0-301F-11D3-BF4B-00C04F79EFBC}") = "SLASK", "SLASK\SLASK.csproj", "{3A1CA517-2A23-4F23-B248-F562F6601ADD}"
EndProject
Project("{FAE04EC0-301F-11D3-BF4B-00C04F79EFBC}") = "Vehicles", "Vehicles\Vehicles.csproj", "{3B1DC4D1-5445-44CE-AF06-B213633989ED}"
EndProject
Project("{FAE04EC0-301F-11D3-BF4B-00C04F79EFBC}") = "3.10 - PascalsTriangel", "PascalsTriangel\3.10 - PascalsTriangel.csproj", "{30B4146C-4D8F-40E4-B1BE-A514D91D920B}"
EndProject
Global
	GlobalSection(SolutionConfigurationPlatforms) = preSolution
		Debug|Any CPU = Debug|Any CPU
		Release|Any CPU = Release|Any CPU
	EndGlobalSection
	GlobalSection(ProjectConfigurationPlatforms) = postSolution
		{892255C4-3362-4FA3-AABC-C42C92FA5A68}.Debug|Any CPU.ActiveCfg = Debug|Any CPU
		{892255C4-3362-4FA3-AABC-C42C92FA5A68}.Debug|Any CPU.Build.0 = Debug|Any CPU
		{892255C4-3362-4FA3-AABC-C42C92FA5A68}.Release|Any CPU.ActiveCfg = Release|Any CPU
		{892255C4-3362-4FA3-AABC-C42C92FA5A68}.Release|Any CPU.Build.0 = Release|Any CPU
		{E4C95164-9FC2-4CB8-A0BB-D7DE678E8D62}.Debug|Any CPU.ActiveCfg = Debug|Any CPU
		{E4C95164-9FC2-4CB8-A0BB-D7DE678E8D62}.Debug|Any CPU.Build.0 = Debug|Any CPU
		{E4C95164-9FC2-4CB8-A0BB-D7DE678E8D62}.Release|Any CPU.ActiveCfg = Release|Any CPU
		{E4C95164-9FC2-4CB8-A0BB-D7DE678E8D62}.Release|Any CPU.Build.0 = Release|Any CPU
		{B9C377DD-AFB0-4ACB-8F68-514E636EB97F}.Debug|Any CPU.ActiveCfg = Debug|Any CPU
		{B9C377DD-AFB0-4ACB-8F68-514E636EB97F}.Debug|Any CPU.Build.0 = Debug|Any CPU
		{B9C377DD-AFB0-4ACB-8F68-514E636EB97F}.Release|Any CPU.ActiveCfg = Release|Any CPU
		{B9C377DD-AFB0-4ACB-8F68-514E636EB97F}.Release|Any CPU.Build.0 = Release|Any CPU
		{B17E8D5C-5067-4492-B39E-DC8E1DCFC01D}.Debug|Any CPU.ActiveCfg = Debug|Any CPU
		{B17E8D5C-5067-4492-B39E-DC8E1DCFC01D}.Debug|Any CPU.Build.0 = Debug|Any CPU
		{B17E8D5C-5067-4492-B39E-DC8E1DCFC01D}.Release|Any CPU.ActiveCfg = Release|Any CPU
		{B17E8D5C-5067-4492-B39E-DC8E1DCFC01D}.Release|Any CPU.Build.0 = Release|Any CPU
		{CE7DF85B-26C9-4622-B789-C63A23873DC9}.Debug|Any CPU.ActiveCfg = Debug|Any CPU
		{CE7DF85B-26C9-4622-B789-C63A23873DC9}.Debug|Any CPU.Build.0 = Debug|Any CPU
		{CE7DF85B-26C9-4622-B789-C63A23873DC9}.Release|Any CPU.ActiveCfg = Release|Any CPU
		{CE7DF85B-26C9-4622-B789-C63A23873DC9}.Release|Any CPU.Build.0 = Release|Any CPU
		{22B451E7-3759-4245-8682-124E1024DE5A}.Debug|Any CPU.ActiveCfg = Debug|Any CPU
		{22B451E7-3759-4245-8682-124E1024DE5A}.Debug|Any CPU.Build.0 = Debug|Any CPU
		{22B451E7-3759-4245-8682-124E1024DE5A}.Release|Any CPU.ActiveCfg = Release|Any CPU
		{22B451E7-3759-4245-8682-124E1024DE5A}.Release|Any CPU.Build.0 = Release|Any CPU
		{2938F87E-69F6-436B-99F1-E0A3F17A2446}.Debug|Any CPU.ActiveCfg = Debug|Any CPU
		{2938F87E-69F6-436B-99F1-E0A3F17A2446}.Debug|Any CPU.Build.0 = Debug|Any CPU
		{2938F87E-69F6-436B-99F1-E0A3F17A2446}.Release|Any CPU.ActiveCfg = Release|Any CPU
		{2938F87E-69F6-436B-99F1-E0A3F17A2446}.Release|Any CPU.Build.0 = Release|Any CPU
		{07CCF52B-FD46-4833-A8B0-277D86A7D0C7}.Debug|Any CPU.ActiveCfg = Debug|Any CPU
		{07CCF52B-FD46-4833-A8B0-277D86A7D0C7}.Debug|Any CPU.Build.0 = Debug|Any CPU
		{07CCF52B-FD46-4833-A8B0-277D86A7D0C7}.Release|Any CPU.ActiveCfg = Release|Any CPU
		{07CCF52B-FD46-4833-A8B0-277D86A7D0C7}.Release|Any CPU.Build.0 = Release|Any CPU
		{8E14FB57-9908-48D2-B548-C7E973857AA9}.Debug|Any CPU.ActiveCfg = Debug|Any CPU
		{8E14FB57-9908-48D2-B548-C7E973857AA9}.Debug|Any CPU.Build.0 = Debug|Any CPU
		{8E14FB57-9908-48D2-B548-C7E973857AA9}.Release|Any CPU.ActiveCfg = Release|Any CPU
		{8E14FB57-9908-48D2-B548-C7E973857AA9}.Release|Any CPU.Build.0 = Release|Any CPU
		{168568F9-BDC1-4049-A5A5-79FC77A03E9E}.Debug|Any CPU.ActiveCfg = Debug|Any CPU
		{168568F9-BDC1-4049-A5A5-79FC77A03E9E}.Debug|Any CPU.Build.0 = Debug|Any CPU
		{168568F9-BDC1-4049-A5A5-79FC77A03E9E}.Release|Any CPU.ActiveCfg = Release|Any CPU
		{168568F9-BDC1-4049-A5A5-79FC77A03E9E}.Release|Any CPU.Build.0 = Release|Any CPU
		{07A0A1D7-28A7-4058-9F4B-F20D0CAAD57D}.Debug|Any CPU.ActiveCfg = Debug|Any CPU
		{07A0A1D7-28A7-4058-9F4B-F20D0CAAD57D}.Debug|Any CPU.Build.0 = Debug|Any CPU
		{07A0A1D7-28A7-4058-9F4B-F20D0CAAD57D}.Release|Any CPU.ActiveCfg = Release|Any CPU
		{07A0A1D7-28A7-4058-9F4B-F20D0CAAD57D}.Release|Any CPU.Build.0 = Release|Any CPU
		{498D1B48-8AC6-48BA-7454-20444A1FBD88}.Debug|Any CPU.ActiveCfg = Debug|Any CPU
		{498D1B48-8AC6-48BA-7454-20444A1FBD88}.Debug|Any CPU.Build.0 = Debug|Any CPU
		{498D1B48-8AC6-48BA-7454-20444A1FBD88}.Release|Any CPU.ActiveCfg = Release|Any CPU
		{498D1B48-8AC6-48BA-7454-20444A1FBD88}.Release|Any CPU.Build.0 = Release|Any CPU
		{DF34050C-F5A9-4036-A1DD-6025BA537644}.Debug|Any CPU.ActiveCfg = Debug|Any CPU
		{DF34050C-F5A9-4036-A1DD-6025BA537644}.Debug|Any CPU.Build.0 = Debug|Any CPU
		{DF34050C-F5A9-4036-A1DD-6025BA537644}.Release|Any CPU.ActiveCfg = Release|Any CPU
		{DF34050C-F5A9-4036-A1DD-6025BA537644}.Release|Any CPU.Build.0 = Release|Any CPU
		{F957E7BE-9A7C-4700-947B-99009AF5483C}.Debug|Any CPU.ActiveCfg = Debug|Any CPU
		{F957E7BE-9A7C-4700-947B-99009AF5483C}.Debug|Any CPU.Build.0 = Debug|Any CPU
		{F957E7BE-9A7C-4700-947B-99009AF5483C}.Release|Any CPU.ActiveCfg = Release|Any CPU
		{F957E7BE-9A7C-4700-947B-99009AF5483C}.Release|Any CPU.Build.0 = Release|Any CPU
		{685BBCF7-39C3-8D24-F729-73605D73C962}.Debug|Any CPU.ActiveCfg = Debug|Any CPU
		{685BBCF7-39C3-8D24-F729-73605D73C962}.Debug|Any CPU.Build.0 = Debug|Any CPU
		{685BBCF7-39C3-8D24-F729-73605D73C962}.Release|Any CPU.ActiveCfg = Release|Any CPU
		{685BBCF7-39C3-8D24-F729-73605D73C962}.Release|Any CPU.Build.0 = Release|Any CPU
		{6BC05D22-5178-48C7-94CF-615077B51E26}.Debug|Any CPU.ActiveCfg = Debug|Any CPU
		{6BC05D22-5178-48C7-94CF-615077B51E26}.Debug|Any CPU.Build.0 = Debug|Any CPU
		{6BC05D22-5178-48C7-94CF-615077B51E26}.Release|Any CPU.ActiveCfg = Release|Any CPU
		{6BC05D22-5178-48C7-94CF-615077B51E26}.Release|Any CPU.Build.0 = Release|Any CPU
		{3A1CA517-2A23-4F23-B248-F562F6601ADD}.Debug|Any CPU.ActiveCfg = Debug|Any CPU
		{3A1CA517-2A23-4F23-B248-F562F6601ADD}.Debug|Any CPU.Build.0 = Debug|Any CPU
		{3A1CA517-2A23-4F23-B248-F562F6601ADD}.Release|Any CPU.ActiveCfg = Release|Any CPU
		{3A1CA517-2A23-4F23-B248-F562F6601ADD}.Release|Any CPU.Build.0 = Release|Any CPU
		{3B1DC4D1-5445-44CE-AF06-B213633989ED}.Debug|Any CPU.ActiveCfg = Debug|Any CPU
		{3B1DC4D1-5445-44CE-AF06-B213633989ED}.Debug|Any CPU.Build.0 = Debug|Any CPU
		{3B1DC4D1-5445-44CE-AF06-B213633989ED}.Release|Any CPU.ActiveCfg = Release|Any CPU
		{3B1DC4D1-5445-44CE-AF06-B213633989ED}.Release|Any CPU.Build.0 = Release|Any CPU
		{30B4146C-4D8F-40E4-B1BE-A514D91D920B}.Debug|Any CPU.ActiveCfg = Debug|Any CPU
		{30B4146C-4D8F-40E4-B1BE-A514D91D920B}.Debug|Any CPU.Build.0 = Debug|Any CPU
		{30B4146C-4D8F-40E4-B1BE-A514D91D920B}.Release|Any CPU.ActiveCfg = Release|Any CPU
		{30B4146C-4D8F-40E4-B1BE-A514D91D920B}.Release|Any CPU.Build.0 = Release|Any CPU
	EndGlobalSection
	GlobalSection(SolutionProperties) = preSolution
		HideSolutionNode = FALSE
	EndGlobalSection
	GlobalSection(ExtensibilityGlobals) = postSolution
		SolutionGuid = {A7853039-8DC6-41D3-8914-B494744E8B4A}
	EndGlobalSection
EndGlobal
